{
  "requires": true,
  "lockfileVersion": 1,
  "dependencies": {
    "dialog-polyfill": {
      "version": "0.4.10",
      "resolved": "https://registry.npmjs.org/dialog-polyfill/-/dialog-polyfill-0.4.10.tgz",
      "integrity": "sha512-j5yGMkP8T00UFgyO+78OxiN5vC5dzRQF3BEio+LhNvDbyfxWBsi3sfPArDm54VloaJwy2hm3erEiDWqHRC8rzw=="
    },
    "firebaseui-angular": {
      "version": "5.1.1",
      "resolved": "https://registry.npmjs.org/firebaseui-angular/-/firebaseui-angular-5.1.1.tgz",
      "integrity": "sha512-MbCiENFE3PixE7sFOzrgVl4dH5z6PGQbB33bT/h4QDPvpohFYv5xfrY7R2l63uZ5+hkG6HDhAzq5RlKfoCUYTA==",
      "requires": {
        "tslib": "^2.0.0"
      }
    },
    "material-design-lite": {
      "version": "1.3.0",
      "resolved": "https://registry.npmjs.org/material-design-lite/-/material-design-lite-1.3.0.tgz",
      "integrity": "sha1-0ATOP+6Zoe63Sni4oyUTSl8RcdM="
    },
    "tslib": {
      "version": "2.0.3",
      "resolved": "https://registry.npmjs.org/tslib/-/tslib-2.0.3.tgz",
      "integrity": "sha512-uZtkfKblCEQtZKBF6EBXVZeQNl82yqtDQdv+eck8u7tdPxjLu2/lp5/uPW+um2tpuxINHWy3GhiccY7QgEaVHQ=="
    }
  }
}
