{
  "name": "ground-protos",
  "version": "0.0.1",
  "lockfileVersion": 3,
  "requires": true,
  "packages": {
    "": {
      "name": "ground-protos",
      "version": "0.0.1",
      "dependencies": {
        "@bufbuild/buf": "^1.32.2"
      }
    },
    "node_modules/@bufbuild/buf": {
      "version": "1.32.2",
      "resolved": "https://registry.npmjs.org/@bufbuild/buf/-/buf-1.32.2.tgz",
      "integrity": "sha512-WL2mpou8k9EBo2US0KyZhFSHrDmRZvv5ZMp7lywUFb+3lW1+E/OZnBaBYTrSAb9vfzSmwdRsSOJwKdDpfbjdSg==",
      "hasInstallScript": true,
      "bin": {
        "buf": "bin/buf",
        "protoc-gen-buf-breaking": "bin/protoc-gen-buf-breaking",
        "protoc-gen-buf-lint": "bin/protoc-gen-buf-lint"
      },
      "engines": {
        "node": ">=12"
      },
      "optionalDependencies": {
        "@bufbuild/buf-darwin-arm64": "1.32.2",
        "@bufbuild/buf-darwin-x64": "1.32.2",
        "@bufbuild/buf-linux-aarch64": "1.32.2",
        "@bufbuild/buf-linux-x64": "1.32.2",
        "@bufbuild/buf-win32-arm64": "1.32.2",
        "@bufbuild/buf-win32-x64": "1.32.2"
      }
    },
    "node_modules/@bufbuild/buf-darwin-arm64": {
      "version": "1.32.2",
      "resolved": "https://registry.npmjs.org/@bufbuild/buf-darwin-arm64/-/buf-darwin-arm64-1.32.2.tgz",
      "integrity": "sha512-AR6WlhY6CmLlZetvYzLjbyVpU5jM4eDd3PRTUAK5NcpqIPdCMiMK9nc33Yxc8pO04Lv4yrYdzWnFqZdbCzsS2g==",
      "cpu": [
        "arm64"
      ],
      "optional": true,
      "os": [
        "darwin"
      ],
      "engines": {
        "node": ">=12"
      }
    },
    "node_modules/@bufbuild/buf-darwin-x64": {
      "version": "1.32.2",
      "resolved": "https://registry.npmjs.org/@bufbuild/buf-darwin-x64/-/buf-darwin-x64-1.32.2.tgz",
      "integrity": "sha512-ZmVYsMcS06KHZYy4DmKf95BnDWji5/xo42oybqjtlE/wPGKNpqgiq0UGHSlK0oCh67sybHidXVci6LC95xHNrw==",
      "cpu": [
        "x64"
      ],
      "optional": true,
      "os": [
        "darwin"
      ],
      "engines": {
        "node": ">=12"
      }
    },
    "node_modules/@bufbuild/buf-linux-aarch64": {
      "version": "1.32.2",
      "resolved": "https://registry.npmjs.org/@bufbuild/buf-linux-aarch64/-/buf-linux-aarch64-1.32.2.tgz",
      "integrity": "sha512-OG509xwJHjuzSn5nNrVWghW/RpB76Ovhj7LCKi52QVh/qQq6VUXeQk42XIWjXY/Cmzmg81G7t97kLw27JLzH0w==",
      "cpu": [
        "arm64"
      ],
      "optional": true,
      "os": [
        "linux"
      ],
      "engines": {
        "node": ">=12"
      }
    },
    "node_modules/@bufbuild/buf-linux-x64": {
      "version": "1.32.2",
      "resolved": "https://registry.npmjs.org/@bufbuild/buf-linux-x64/-/buf-linux-x64-1.32.2.tgz",
      "integrity": "sha512-TFNN87nhLyGFUKOy3beU/0GZk7TEs57J5VQczSq83rHLC+7t1nDuk5Rew8QEyV0OzEzZF+BkpLZj0jY+dWg6/g==",
      "cpu": [
        "x64"
      ],
      "optional": true,
      "os": [
        "linux"
      ],
      "engines": {
        "node": ">=12"
      }
    },
    "node_modules/@bufbuild/buf-win32-arm64": {
      "version": "1.32.2",
      "resolved": "https://registry.npmjs.org/@bufbuild/buf-win32-arm64/-/buf-win32-arm64-1.32.2.tgz",
      "integrity": "sha512-SsGUfILZblPNbCgG6W9DxzCdfHnT2YTYQEkCS877DL1wkWMlMJ/ijZA9Cg2fx8NrLKzFTKC1nlTfqRBcLPf2Mg==",
      "cpu": [
        "arm64"
      ],
      "optional": true,
      "os": [
        "win32"
      ],
      "engines": {
        "node": ">=12"
      }
    },
    "node_modules/@bufbuild/buf-win32-x64": {
      "version": "1.32.2",
      "resolved": "https://registry.npmjs.org/@bufbuild/buf-win32-x64/-/buf-win32-x64-1.32.2.tgz",
      "integrity": "sha512-FXOHmXB0kxQ7nQ0JYWpByl6/ebkKwWPPjucOHIDcfo7czg5ZD/fRusb738YJ1qeN+5RXybkvhJIrewxVnhYuhg==",
      "cpu": [
        "x64"
      ],
      "optional": true,
      "os": [
        "win32"
      ],
      "engines": {
        "node": ">=12"
      }
    }
  }
}
